# This file is generated by running "yarn install" inside your project.
# Manual changes might be lost - proceed with caution!

__metadata:
  version: 8
  cacheKey: 10c0

"flatten@npm:1.0.3":
  version: 1.0.3
  resolution: "flatten@npm:1.0.3"
  checksum: 10c0/9f9b1f3dcd05be057bb83ec27f2513da5306e7bfc0cf8bd839ab423eb1b0f99683a25c97b48fafd5959819159659ce9f1397623a46f89a8577ba095fcf5fb753
  languageName: node
  linkType: hard

"mime-db@npm:1.52.0":
  version: 1.52.0
  resolution: "mime-db@npm:1.52.0"
  checksum: 10c0/0557a01deebf45ac5f5777fe7740b2a5c309c6d62d40ceab4e23da9f821899ce7a900b7ac8157d4548ddbb7beffe9abc621250e6d182b0397ec7f10c7b91a5aa
  languageName: node
  linkType: hard

"mime-types@npm:2.1.35":
  version: 2.1.35
  resolution: "mime-types@npm:2.1.35"
  dependencies:
    mime-db: "npm:1.52.0"
  checksum: 10c0/82fb07ec56d8ff1fc999a84f2f217aa46cb6ed1033fefaabd5785b9a974ed225c90dc72fff460259e66b95b73648596dbcc50d51ed69cdf464af2d237d3149b2
  languageName: node
  linkType: hard

"yarn-berry-ls@workspace:.":
  version: 0.0.0-use.local
  resolution: "yarn-berry-ls@workspace:."
  dependencies:
    flatten: "npm:1.0.3"
    mime-types: "npm:2.1.35"
  languageName: unknown
  linkType: soft
